// !$*UTF8*$!
{
	archiveVersion = 1;
	classes = {
	};
	objectVersion = 55;
	objects = {

/* Begin PBXBuildFile section */
		4875D9FA2841B65E0073F629 /* HowRUApp.swift in Sources */ = {isa = PBXBuildFile; fileRef = 4875D9F92841B65E0073F629 /* HowRUApp.swift */; };
		4875D9FC2841B65E0073F629 /* ContentView.swift in Sources */ = {isa = PBXBuildFile; fileRef = 4875D9FB2841B65E0073F629 /* ContentView.swift */; };
		4875D9FE2841B65F0073F629 /* Assets.xcassets in Resources */ = {isa = PBXBuildFile; fileRef = 4875D9FD2841B65F0073F629 /* Assets.xcassets */; };
		4875DA012841B65F0073F629 /* Preview Assets.xcassets in Resources */ = {isa = PBXBuildFile; fileRef = 4875DA002841B65F0073F629 /* Preview Assets.xcassets */; };
		4875DA0B2841B7650073F629 /* GoogleService-Info.plist in Resources */ = {isa = PBXBuildFile; fileRef = 4875DA0A2841B7650073F629 /* GoogleService-Info.plist */; };
		4875DA0E2841B8450073F629 /* FirebaseAnalytics in Frameworks */ = {isa = PBXBuildFile; productRef = 4875DA0D2841B8450073F629 /* FirebaseAnalytics */; };
		4875DA102841B8450073F629 /* FirebaseAnalyticsOnDeviceConversion in Frameworks */ = {isa = PBXBuildFile; productRef = 4875DA0F2841B8450073F629 /* FirebaseAnalyticsOnDeviceConversion */; };
		4875DA122841B8450073F629 /* FirebaseAnalyticsSwift in Frameworks */ = {isa = PBXBuildFile; productRef = 4875DA112841B8450073F629 /* FirebaseAnalyticsSwift */; };
		4875DA142841B8450073F629 /* FirebaseAnalyticsWithoutAdIdSupport in Frameworks */ = {isa = PBXBuildFile; productRef = 4875DA132841B8450073F629 /* FirebaseAnalyticsWithoutAdIdSupport */; };
		4875DA162841B8450073F629 /* FirebaseAppCheck in Frameworks */ = {isa = PBXBuildFile; productRef = 4875DA152841B8450073F629 /* FirebaseAppCheck */; };
		4875DA182841B8450073F629 /* FirebaseAppDistribution-Beta in Frameworks */ = {isa = PBXBuildFile; productRef = 4875DA172841B8450073F629 /* FirebaseAppDistribution-Beta */; };
		4875DA1A2841B8450073F629 /* FirebaseAuth in Frameworks */ = {isa = PBXBuildFile; productRef = 4875DA192841B8450073F629 /* FirebaseAuth */; };
		4875DA1C2841B8450073F629 /* FirebaseAuthCombine-Community in Frameworks */ = {isa = PBXBuildFile; productRef = 4875DA1B2841B8450073F629 /* FirebaseAuthCombine-Community */; };
		4875DA1E2841B8450073F629 /* FirebaseCrashlytics in Frameworks */ = {isa = PBXBuildFile; productRef = 4875DA1D2841B8450073F629 /* FirebaseCrashlytics */; };
		4875DA202841B8450073F629 /* FirebaseDatabase in Frameworks */ = {isa = PBXBuildFile; productRef = 4875DA1F2841B8450073F629 /* FirebaseDatabase */; };
		4875DA222841B8450073F629 /* FirebaseDatabaseSwift in Frameworks */ = {isa = PBXBuildFile; productRef = 4875DA212841B8450073F629 /* FirebaseDatabaseSwift */; };
		4875DA242841B8450073F629 /* FirebaseDynamicLinks in Frameworks */ = {isa = PBXBuildFile; productRef = 4875DA232841B8450073F629 /* FirebaseDynamicLinks */; };
		4875DA262841B8450073F629 /* FirebaseFirestore in Frameworks */ = {isa = PBXBuildFile; productRef = 4875DA252841B8450073F629 /* FirebaseFirestore */; };
		4875DA282841B8450073F629 /* FirebaseFirestoreCombine-Community in Frameworks */ = {isa = PBXBuildFile; productRef = 4875DA272841B8450073F629 /* FirebaseFirestoreCombine-Community */; };
		4875DA2A2841B8450073F629 /* FirebaseFirestoreSwift in Frameworks */ = {isa = PBXBuildFile; productRef = 4875DA292841B8450073F629 /* FirebaseFirestoreSwift */; };
		4875DA2C2841B8450073F629 /* FirebaseFunctions in Frameworks */ = {isa = PBXBuildFile; productRef = 4875DA2B2841B8450073F629 /* FirebaseFunctions */; };
		4875DA2E2841B8450073F629 /* FirebaseFunctionsCombine-Community in Frameworks */ = {isa = PBXBuildFile; productRef = 4875DA2D2841B8450073F629 /* FirebaseFunctionsCombine-Community */; };
		4875DA302841B8450073F629 /* FirebaseInstallations in Frameworks */ = {isa = PBXBuildFile; productRef = 4875DA2F2841B8450073F629 /* FirebaseInstallations */; };
		4875DA322841B8450073F629 /* FirebaseRemoteConfig in Frameworks */ = {isa = PBXBuildFile; productRef = 4875DA312841B8450073F629 /* FirebaseRemoteConfig */; };
		4875DA342841B8450073F629 /* FirebaseRemoteConfigSwift in Frameworks */ = {isa = PBXBuildFile; productRef = 4875DA332841B8450073F629 /* FirebaseRemoteConfigSwift */; };
		4875DA362841B8450073F629 /* FirebaseStorage in Frameworks */ = {isa = PBXBuildFile; productRef = 4875DA352841B8450073F629 /* FirebaseStorage */; };
		4875DA382841B8450073F629 /* FirebaseStorageCombine-Community in Frameworks */ = {isa = PBXBuildFile; productRef = 4875DA372841B8450073F629 /* FirebaseStorageCombine-Community */; };
		4875DA3B2841BA0B0073F629 /* AuthManager.swift in Sources */ = {isa = PBXBuildFile; fileRef = 4875DA3A2841BA0B0073F629 /* AuthManager.swift */; };
		4875DA3F2841BD240073F629 /* LoginView.swift in Sources */ = {isa = PBXBuildFile; fileRef = 4875DA3E2841BD240073F629 /* LoginView.swift */; };
		4875DA412841BD310073F629 /* SignupView.swift in Sources */ = {isa = PBXBuildFile; fileRef = 4875DA402841BD310073F629 /* SignupView.swift */; };
		4875DA442841BD5C0073F629 /* LoginViewModel.swift in Sources */ = {isa = PBXBuildFile; fileRef = 4875DA432841BD5C0073F629 /* LoginViewModel.swift */; };
		4875DA462841BD660073F629 /* SignupViewModel.swift in Sources */ = {isa = PBXBuildFile; fileRef = 4875DA452841BD660073F629 /* SignupViewModel.swift */; };
		4875DA482841BDB50073F629 /* AppUser.swift in Sources */ = {isa = PBXBuildFile; fileRef = 4875DA472841BDB50073F629 /* AppUser.swift */; };
		4875DA4A2841BDC00073F629 /* MockData.swift in Sources */ = {isa = PBXBuildFile; fileRef = 4875DA492841BDC00073F629 /* MockData.swift */; };
		4875DA6828427E400073F629 /* AuthenticationBG.gif in Resources */ = {isa = PBXBuildFile; fileRef = 4875DA6728427E400073F629 /* AuthenticationBG.gif */; };
		4875DA6A28427F8D0073F629 /* GifImage.swift in Sources */ = {isa = PBXBuildFile; fileRef = 4875DA6928427F8D0073F629 /* GifImage.swift */; };
		4875DA6C284283900073F629 /* BackgroundGradientView.swift in Sources */ = {isa = PBXBuildFile; fileRef = 4875DA6B284283900073F629 /* BackgroundGradientView.swift */; };
		4875DA6E284283A30073F629 /* LogoView.swift in Sources */ = {isa = PBXBuildFile; fileRef = 4875DA6D284283A30073F629 /* LogoView.swift */; };
		4875DA70284283E50073F629 /* AuthenticateButtonView.swift in Sources */ = {isa = PBXBuildFile; fileRef = 4875DA6F284283E50073F629 /* AuthenticateButtonView.swift */; };
		4875DA73284284250073F629 /* EmailTextField.swift in Sources */ = {isa = PBXBuildFile; fileRef = 4875DA72284284250073F629 /* EmailTextField.swift */; };
		4875DA75284284410073F629 /* CustomTextField.swift in Sources */ = {isa = PBXBuildFile; fileRef = 4875DA74284284410073F629 /* CustomTextField.swift */; };
		4875DA77284284650073F629 /* UserTextField.swift in Sources */ = {isa = PBXBuildFile; fileRef = 4875DA76284284650073F629 /* UserTextField.swift */; };
		4875DA79284284770073F629 /* CustomSecureField.swift in Sources */ = {isa = PBXBuildFile; fileRef = 4875DA78284284770073F629 /* CustomSecureField.swift */; };
		4875DA7B284284890073F629 /* PasswordSecureField.swift in Sources */ = {isa = PBXBuildFile; fileRef = 4875DA7A284284890073F629 /* PasswordSecureField.swift */; };
		4875DA7D284287DC0073F629 /* DashboardView.swift in Sources */ = {isa = PBXBuildFile; fileRef = 4875DA7C284287DC0073F629 /* DashboardView.swift */; };
		4875DA7F284289340073F629 /* DashboardViewModel.swift in Sources */ = {isa = PBXBuildFile; fileRef = 4875DA7E284289340073F629 /* DashboardViewModel.swift */; };
		4875DA8128428F2C0073F629 /* MainButtonView.swift in Sources */ = {isa = PBXBuildFile; fileRef = 4875DA8028428F2C0073F629 /* MainButtonView.swift */; };
/* End PBXBuildFile section */

/* Begin PBXFileReference section */
		4875D9F62841B65E0073F629 /* HowRU.app */ = {isa = PBXFileReference; explicitFileType = wrapper.application; includeInIndex = 0; path = HowRU.app; sourceTree = BUILT_PRODUCTS_DIR; };
		4875D9F92841B65E0073F629 /* HowRUApp.swift */ = {isa = PBXFileReference; lastKnownFileType = sourcecode.swift; path = HowRUApp.swift; sourceTree = "<group>"; };
		4875D9FB2841B65E0073F629 /* ContentView.swift */ = {isa = PBXFileReference; lastKnownFileType = sourcecode.swift; path = ContentView.swift; sourceTree = "<group>"; };
		4875D9FD2841B65F0073F629 /* Assets.xcassets */ = {isa = PBXFileReference; lastKnownFileType = folder.assetcatalog; path = Assets.xcassets; sourceTree = "<group>"; };
		4875DA002841B65F0073F629 /* Preview Assets.xcassets */ = {isa = PBXFileReference; lastKnownFileType = folder.assetcatalog; path = "Preview Assets.xcassets"; sourceTree = "<group>"; };
		4875DA0A2841B7650073F629 /* GoogleService-Info.plist */ = {isa = PBXFileReference; fileEncoding = 4; lastKnownFileType = text.plist.xml; path = "GoogleService-Info.plist"; sourceTree = "<group>"; };
		4875DA3A2841BA0B0073F629 /* AuthManager.swift */ = {isa = PBXFileReference; lastKnownFileType = sourcecode.swift; path = AuthManager.swift; sourceTree = "<group>"; };
		4875DA3E2841BD240073F629 /* LoginView.swift */ = {isa = PBXFileReference; lastKnownFileType = sourcecode.swift; path = LoginView.swift; sourceTree = "<group>"; };
		4875DA402841BD310073F629 /* SignupView.swift */ = {isa = PBXFileReference; lastKnownFileType = sourcecode.swift; path = SignupView.swift; sourceTree = "<group>"; };
		4875DA432841BD5C0073F629 /* LoginViewModel.swift */ = {isa = PBXFileReference; lastKnownFileType = sourcecode.swift; path = LoginViewModel.swift; sourceTree = "<group>"; };
		4875DA452841BD660073F629 /* SignupViewModel.swift */ = {isa = PBXFileReference; lastKnownFileType = sourcecode.swift; path = SignupViewModel.swift; sourceTree = "<group>"; };
		4875DA472841BDB50073F629 /* AppUser.swift */ = {isa = PBXFileReference; lastKnownFileType = sourcecode.swift; path = AppUser.swift; sourceTree = "<group>"; };
		4875DA492841BDC00073F629 /* MockData.swift */ = {isa = PBXFileReference; lastKnownFileType = sourcecode.swift; path = MockData.swift; sourceTree = "<group>"; };
		4875DA6728427E400073F629 /* AuthenticationBG.gif */ = {isa = PBXFileReference; lastKnownFileType = image.gif; name = AuthenticationBG.gif; path = ../../../assets/gif/AuthenticationBG.gif; sourceTree = "<group>"; };
		4875DA6928427F8D0073F629 /* GifImage.swift */ = {isa = PBXFileReference; lastKnownFileType = sourcecode.swift; path = GifImage.swift; sourceTree = "<group>"; };
		4875DA6B284283900073F629 /* BackgroundGradientView.swift */ = {isa = PBXFileReference; lastKnownFileType = sourcecode.swift; path = BackgroundGradientView.swift; sourceTree = "<group>"; };
		4875DA6D284283A30073F629 /* LogoView.swift */ = {isa = PBXFileReference; lastKnownFileType = sourcecode.swift; path = LogoView.swift; sourceTree = "<group>"; };
		4875DA6F284283E50073F629 /* AuthenticateButtonView.swift */ = {isa = PBXFileReference; lastKnownFileType = sourcecode.swift; path = AuthenticateButtonView.swift; sourceTree = "<group>"; };
		4875DA72284284250073F629 /* EmailTextField.swift */ = {isa = PBXFileReference; lastKnownFileType = sourcecode.swift; path = EmailTextField.swift; sourceTree = "<group>"; };
		4875DA74284284410073F629 /* CustomTextField.swift */ = {isa = PBXFileReference; lastKnownFileType = sourcecode.swift; path = CustomTextField.swift; sourceTree = "<group>"; };
		4875DA76284284650073F629 /* UserTextField.swift */ = {isa = PBXFileReference; lastKnownFileType = sourcecode.swift; path = UserTextField.swift; sourceTree = "<group>"; };
		4875DA78284284770073F629 /* CustomSecureField.swift */ = {isa = PBXFileReference; lastKnownFileType = sourcecode.swift; path = CustomSecureField.swift; sourceTree = "<group>"; };
		4875DA7A284284890073F629 /* PasswordSecureField.swift */ = {isa = PBXFileReference; lastKnownFileType = sourcecode.swift; path = PasswordSecureField.swift; sourceTree = "<group>"; };
		4875DA7C284287DC0073F629 /* DashboardView.swift */ = {isa = PBXFileReference; lastKnownFileType = sourcecode.swift; path = DashboardView.swift; sourceTree = "<group>"; };
		4875DA7E284289340073F629 /* DashboardViewModel.swift */ = {isa = PBXFileReference; lastKnownFileType = sourcecode.swift; path = DashboardViewModel.swift; sourceTree = "<group>"; };
		4875DA8028428F2C0073F629 /* MainButtonView.swift */ = {isa = PBXFileReference; lastKnownFileType = sourcecode.swift; path = MainButtonView.swift; sourceTree = "<group>"; };
/* End PBXFileReference section */

/* Begin PBXFrameworksBuildPhase section */
		4875D9F32841B65E0073F629 /* Frameworks */ = {
			isa = PBXFrameworksBuildPhase;
			buildActionMask = 2147483647;
			files = (
				4875DA382841B8450073F629 /* FirebaseStorageCombine-Community in Frameworks */,
				4875DA202841B8450073F629 /* FirebaseDatabase in Frameworks */,
				4875DA2E2841B8450073F629 /* FirebaseFunctionsCombine-Community in Frameworks */,
				4875DA262841B8450073F629 /* FirebaseFirestore in Frameworks */,
				4875DA302841B8450073F629 /* FirebaseInstallations in Frameworks */,
				4875DA122841B8450073F629 /* FirebaseAnalyticsSwift in Frameworks */,
				4875DA0E2841B8450073F629 /* FirebaseAnalytics in Frameworks */,
				4875DA102841B8450073F629 /* FirebaseAnalyticsOnDeviceConversion in Frameworks */,
				4875DA2A2841B8450073F629 /* FirebaseFirestoreSwift in Frameworks */,
				4875DA162841B8450073F629 /* FirebaseAppCheck in Frameworks */,
				4875DA142841B8450073F629 /* FirebaseAnalyticsWithoutAdIdSupport in Frameworks */,
				4875DA322841B8450073F629 /* FirebaseRemoteConfig in Frameworks */,
				4875DA362841B8450073F629 /* FirebaseStorage in Frameworks */,
				4875DA1A2841B8450073F629 /* FirebaseAuth in Frameworks */,
				4875DA1E2841B8450073F629 /* FirebaseCrashlytics in Frameworks */,
				4875DA222841B8450073F629 /* FirebaseDatabaseSwift in Frameworks */,
				4875DA2C2841B8450073F629 /* FirebaseFunctions in Frameworks */,
				4875DA182841B8450073F629 /* FirebaseAppDistribution-Beta in Frameworks */,
				4875DA1C2841B8450073F629 /* FirebaseAuthCombine-Community in Frameworks */,
				4875DA342841B8450073F629 /* FirebaseRemoteConfigSwift in Frameworks */,
				4875DA242841B8450073F629 /* FirebaseDynamicLinks in Frameworks */,
				4875DA282841B8450073F629 /* FirebaseFirestoreCombine-Community in Frameworks */,
			);
			runOnlyForDeploymentPostprocessing = 0;
		};
/* End PBXFrameworksBuildPhase section */

/* Begin PBXGroup section */
		4875D9ED2841B65E0073F629 = {
			isa = PBXGroup;
			children = (
				4875D9F82841B65E0073F629 /* HowRU */,
				4875D9F72841B65E0073F629 /* Products */,
			);
			sourceTree = "<group>";
		};
		4875D9F72841B65E0073F629 /* Products */ = {
			isa = PBXGroup;
			children = (
				4875D9F62841B65E0073F629 /* HowRU.app */,
			);
			name = Products;
			sourceTree = "<group>";
		};
		4875D9F82841B65E0073F629 /* HowRU */ = {
			isa = PBXGroup;
			children = (
				4875DA392841B9FA0073F629 /* AppState */,
				4875DA072841B6FA0073F629 /* Model */,
				4875DA082841B7000073F629 /* View */,
				4875DA092841B7060073F629 /* ViewModel */,
				4875D9F92841B65E0073F629 /* HowRUApp.swift */,
				4875D9FB2841B65E0073F629 /* ContentView.swift */,
				4875DA0A2841B7650073F629 /* GoogleService-Info.plist */,
				4875D9FD2841B65F0073F629 /* Assets.xcassets */,
				4875DA6728427E400073F629 /* AuthenticationBG.gif */,
				4875D9FF2841B65F0073F629 /* Preview Content */,
			);
			path = HowRU;
			sourceTree = "<group>";
		};
		4875D9FF2841B65F0073F629 /* Preview Content */ = {
			isa = PBXGroup;
			children = (
				4875DA002841B65F0073F629 /* Preview Assets.xcassets */,
			);
			path = "Preview Content";
			sourceTree = "<group>";
		};
		4875DA072841B6FA0073F629 /* Model */ = {
			isa = PBXGroup;
			children = (
				4875DA472841BDB50073F629 /* AppUser.swift */,
				4875DA492841BDC00073F629 /* MockData.swift */,
			);
			path = Model;
			sourceTree = "<group>";
		};
		4875DA082841B7000073F629 /* View */ = {
			isa = PBXGroup;
			children = (
				4875DA3D2841BD110073F629 /* Utils */,
				4875DA3C2841BD080073F629 /* Authentication */,
				4875DA7C284287DC0073F629 /* DashboardView.swift */,
			);
			path = View;
			sourceTree = "<group>";
		};
		4875DA092841B7060073F629 /* ViewModel */ = {
			isa = PBXGroup;
			children = (
				4875DA422841BD480073F629 /* Authentication */,
				4875DA7E284289340073F629 /* DashboardViewModel.swift */,
			);
			path = ViewModel;
			sourceTree = "<group>";
		};
		4875DA392841B9FA0073F629 /* AppState */ = {
			isa = PBXGroup;
			children = (
				4875DA3A2841BA0B0073F629 /* AuthManager.swift */,
			);
			path = AppState;
			sourceTree = "<group>";
		};
		4875DA3C2841BD080073F629 /* Authentication */ = {
			isa = PBXGroup;
			children = (
				4875DA3E2841BD240073F629 /* LoginView.swift */,
				4875DA402841BD310073F629 /* SignupView.swift */,
			);
			path = Authentication;
			sourceTree = "<group>";
		};
		4875DA3D2841BD110073F629 /* Utils */ = {
			isa = PBXGroup;
			children = (
				4875DA71284284150073F629 /* TextFields */,
				4875DA6928427F8D0073F629 /* GifImage.swift */,
				4875DA6B284283900073F629 /* BackgroundGradientView.swift */,
				4875DA6D284283A30073F629 /* LogoView.swift */,
				4875DA6F284283E50073F629 /* AuthenticateButtonView.swift */,
				4875DA8028428F2C0073F629 /* MainButtonView.swift */,
			);
			path = Utils;
			sourceTree = "<group>";
		};
		4875DA422841BD480073F629 /* Authentication */ = {
			isa = PBXGroup;
			children = (
				4875DA432841BD5C0073F629 /* LoginViewModel.swift */,
				4875DA452841BD660073F629 /* SignupViewModel.swift */,
			);
			path = Authentication;
			sourceTree = "<group>";
		};
		4875DA71284284150073F629 /* TextFields */ = {
			isa = PBXGroup;
			children = (
				4875DA72284284250073F629 /* EmailTextField.swift */,
				4875DA74284284410073F629 /* CustomTextField.swift */,
				4875DA76284284650073F629 /* UserTextField.swift */,
				4875DA78284284770073F629 /* CustomSecureField.swift */,
				4875DA7A284284890073F629 /* PasswordSecureField.swift */,
			);
			path = TextFields;
			sourceTree = "<group>";
		};
/* End PBXGroup section */

/* Begin PBXNativeTarget section */
		4875D9F52841B65E0073F629 /* HowRU */ = {
			isa = PBXNativeTarget;
			buildConfigurationList = 4875DA042841B65F0073F629 /* Build configuration list for PBXNativeTarget "HowRU" */;
			buildPhases = (
				4875D9F22841B65E0073F629 /* Sources */,
				4875D9F32841B65E0073F629 /* Frameworks */,
				4875D9F42841B65E0073F629 /* Resources */,
			);
			buildRules = (
			);
			dependencies = (
			);
			name = HowRU;
			packageProductDependencies = (
				4875DA0D2841B8450073F629 /* FirebaseAnalytics */,
				4875DA0F2841B8450073F629 /* FirebaseAnalyticsOnDeviceConversion */,
				4875DA112841B8450073F629 /* FirebaseAnalyticsSwift */,
				4875DA132841B8450073F629 /* FirebaseAnalyticsWithoutAdIdSupport */,
				4875DA152841B8450073F629 /* FirebaseAppCheck */,
				4875DA172841B8450073F629 /* FirebaseAppDistribution-Beta */,
				4875DA192841B8450073F629 /* FirebaseAuth */,
				4875DA1B2841B8450073F629 /* FirebaseAuthCombine-Community */,
				4875DA1D2841B8450073F629 /* FirebaseCrashlytics */,
				4875DA1F2841B8450073F629 /* FirebaseDatabase */,
				4875DA212841B8450073F629 /* FirebaseDatabaseSwift */,
				4875DA232841B8450073F629 /* FirebaseDynamicLinks */,
				4875DA252841B8450073F629 /* FirebaseFirestore */,
				4875DA272841B8450073F629 /* FirebaseFirestoreCombine-Community */,
				4875DA292841B8450073F629 /* FirebaseFirestoreSwift */,
				4875DA2B2841B8450073F629 /* FirebaseFunctions */,
				4875DA2D2841B8450073F629 /* FirebaseFunctionsCombine-Community */,
				4875DA2F2841B8450073F629 /* FirebaseInstallations */,
				4875DA312841B8450073F629 /* FirebaseRemoteConfig */,
				4875DA332841B8450073F629 /* FirebaseRemoteConfigSwift */,
				4875DA352841B8450073F629 /* FirebaseStorage */,
				4875DA372841B8450073F629 /* FirebaseStorageCombine-Community */,
			);
			productName = HowRU;
			productReference = 4875D9F62841B65E0073F629 /* HowRU.app */;
			productType = "com.apple.product-type.application";
		};
/* End PBXNativeTarget section */

/* Begin PBXProject section */
		4875D9EE2841B65E0073F629 /* Project object */ = {
			isa = PBXProject;
			attributes = {
				BuildIndependentTargetsInParallel = 1;
				LastSwiftUpdateCheck = 1330;
				LastUpgradeCheck = 1330;
				TargetAttributes = {
					4875D9F52841B65E0073F629 = {
						CreatedOnToolsVersion = 13.3.1;
					};
				};
			};
			buildConfigurationList = 4875D9F12841B65E0073F629 /* Build configuration list for PBXProject "HowRU" */;
			compatibilityVersion = "Xcode 13.0";
			developmentRegion = en;
			hasScannedForEncodings = 0;
			knownRegions = (
				en,
				Base,
			);
			mainGroup = 4875D9ED2841B65E0073F629;
			packageReferences = (
				4875DA0C2841B8450073F629 /* XCRemoteSwiftPackageReference "firebase-ios-sdk" */,
			);
			productRefGroup = 4875D9F72841B65E0073F629 /* Products */;
			projectDirPath = "";
			projectRoot = "";
			targets = (
				4875D9F52841B65E0073F629 /* HowRU */,
			);
		};
/* End PBXProject section */

/* Begin PBXResourcesBuildPhase section */
		4875D9F42841B65E0073F629 /* Resources */ = {
			isa = PBXResourcesBuildPhase;
			buildActionMask = 2147483647;
			files = (
				4875DA6828427E400073F629 /* AuthenticationBG.gif in Resources */,
				4875DA012841B65F0073F629 /* Preview Assets.xcassets in Resources */,
				4875DA0B2841B7650073F629 /* GoogleService-Info.plist in Resources */,
				4875D9FE2841B65F0073F629 /* Assets.xcassets in Resources */,
			);
			runOnlyForDeploymentPostprocessing = 0;
		};
/* End PBXResourcesBuildPhase section */

/* Begin PBXSourcesBuildPhase section */
		4875D9F22841B65E0073F629 /* Sources */ = {
			isa = PBXSourcesBuildPhase;
			buildActionMask = 2147483647;
			files = (
				4875DA482841BDB50073F629 /* AppUser.swift in Sources */,
				4875DA6E284283A30073F629 /* LogoView.swift in Sources */,
				4875DA73284284250073F629 /* EmailTextField.swift in Sources */,
				4875DA8128428F2C0073F629 /* MainButtonView.swift in Sources */,
				4875DA6C284283900073F629 /* BackgroundGradientView.swift in Sources */,
				4875D9FC2841B65E0073F629 /* ContentView.swift in Sources */,
				4875DA3B2841BA0B0073F629 /* AuthManager.swift in Sources */,
				4875DA77284284650073F629 /* UserTextField.swift in Sources */,
				4875DA442841BD5C0073F629 /* LoginViewModel.swift in Sources */,
				4875DA7D284287DC0073F629 /* DashboardView.swift in Sources */,
				4875DA6A28427F8D0073F629 /* GifImage.swift in Sources */,
				4875DA4A2841BDC00073F629 /* MockData.swift in Sources */,
				4875DA7F284289340073F629 /* DashboardViewModel.swift in Sources */,
				4875DA79284284770073F629 /* CustomSecureField.swift in Sources */,
				4875DA462841BD660073F629 /* SignupViewModel.swift in Sources */,
				4875DA70284283E50073F629 /* AuthenticateButtonView.swift in Sources */,
				4875DA3F2841BD240073F629 /* LoginView.swift in Sources */,
				4875D9FA2841B65E0073F629 /* HowRUApp.swift in Sources */,
				4875DA412841BD310073F629 /* SignupView.swift in Sources */,
				4875DA7B284284890073F629 /* PasswordSecureField.swift in Sources */,
				4875DA75284284410073F629 /* CustomTextField.swift in Sources */,
			);
			runOnlyForDeploymentPostprocessing = 0;
		};
/* End PBXSourcesBuildPhase section */

/* Begin XCBuildConfiguration section */
		4875DA022841B65F0073F629 /* Debug */ = {
			isa = XCBuildConfiguration;
			buildSettings = {
				ALWAYS_SEARCH_USER_PATHS = NO;
				CLANG_ANALYZER_NONNULL = YES;
				CLANG_ANALYZER_NUMBER_OBJECT_CONVERSION = YES_AGGRESSIVE;
				CLANG_CXX_LANGUAGE_STANDARD = "gnu++17";
				CLANG_ENABLE_MODULES = YES;
				CLANG_ENABLE_OBJC_ARC = YES;
				CLANG_ENABLE_OBJC_WEAK = YES;
				CLANG_WARN_BLOCK_CAPTURE_AUTORELEASING = YES;
				CLANG_WARN_BOOL_CONVERSION = YES;
				CLANG_WARN_COMMA = YES;
				CLANG_WARN_CONSTANT_CONVERSION = YES;
				CLANG_WARN_DEPRECATED_OBJC_IMPLEMENTATIONS = YES;
				CLANG_WARN_DIRECT_OBJC_ISA_USAGE = YES_ERROR;
				CLANG_WARN_DOCUMENTATION_COMMENTS = YES;
				CLANG_WARN_EMPTY_BODY = YES;
				CLANG_WARN_ENUM_CONVERSION = YES;
				CLANG_WARN_INFINITE_RECURSION = YES;
				CLANG_WARN_INT_CONVERSION = YES;
				CLANG_WARN_NON_LITERAL_NULL_CONVERSION = YES;
				CLANG_WARN_OBJC_IMPLICIT_RETAIN_SELF = YES;
				CLANG_WARN_OBJC_LITERAL_CONVERSION = YES;
				CLANG_WARN_OBJC_ROOT_CLASS = YES_ERROR;
				CLANG_WARN_QUOTED_INCLUDE_IN_FRAMEWORK_HEADER = YES;
				CLANG_WARN_RANGE_LOOP_ANALYSIS = YES;
				CLANG_WARN_STRICT_PROTOTYPES = YES;
				CLANG_WARN_SUSPICIOUS_MOVE = YES;
				CLANG_WARN_UNGUARDED_AVAILABILITY = YES_AGGRESSIVE;
				CLANG_WARN_UNREACHABLE_CODE = YES;
				CLANG_WARN__DUPLICATE_METHOD_MATCH = YES;
				COPY_PHASE_STRIP = NO;
				DEBUG_INFORMATION_FORMAT = dwarf;
				ENABLE_STRICT_OBJC_MSGSEND = YES;
				ENABLE_TESTABILITY = YES;
				GCC_C_LANGUAGE_STANDARD = gnu11;
				GCC_DYNAMIC_NO_PIC = NO;
				GCC_NO_COMMON_BLOCKS = YES;
				GCC_OPTIMIZATION_LEVEL = 0;
				GCC_PREPROCESSOR_DEFINITIONS = (
					"DEBUG=1",
					"$(inherited)",
				);
				GCC_WARN_64_TO_32_BIT_CONVERSION = YES;
				GCC_WARN_ABOUT_RETURN_TYPE = YES_ERROR;
				GCC_WARN_UNDECLARED_SELECTOR = YES;
				GCC_WARN_UNINITIALIZED_AUTOS = YES_AGGRESSIVE;
				GCC_WARN_UNUSED_FUNCTION = YES;
				GCC_WARN_UNUSED_VARIABLE = YES;
				IPHONEOS_DEPLOYMENT_TARGET = 15.4;
				MTL_ENABLE_DEBUG_INFO = INCLUDE_SOURCE;
				MTL_FAST_MATH = YES;
				ONLY_ACTIVE_ARCH = YES;
				SDKROOT = iphoneos;
				SWIFT_ACTIVE_COMPILATION_CONDITIONS = DEBUG;
				SWIFT_OPTIMIZATION_LEVEL = "-Onone";
			};
			name = Debug;
		};
		4875DA032841B65F0073F629 /* Release */ = {
			isa = XCBuildConfiguration;
			buildSettings = {
				ALWAYS_SEARCH_USER_PATHS = NO;
				CLANG_ANALYZER_NONNULL = YES;
				CLANG_ANALYZER_NUMBER_OBJECT_CONVERSION = YES_AGGRESSIVE;
				CLANG_CXX_LANGUAGE_STANDARD = "gnu++17";
				CLANG_ENABLE_MODULES = YES;
				CLANG_ENABLE_OBJC_ARC = YES;
				CLANG_ENABLE_OBJC_WEAK = YES;
				CLANG_WARN_BLOCK_CAPTURE_AUTORELEASING = YES;
				CLANG_WARN_BOOL_CONVERSION = YES;
				CLANG_WARN_COMMA = YES;
				CLANG_WARN_CONSTANT_CONVERSION = YES;
				CLANG_WARN_DEPRECATED_OBJC_IMPLEMENTATIONS = YES;
				CLANG_WARN_DIRECT_OBJC_ISA_USAGE = YES_ERROR;
				CLANG_WARN_DOCUMENTATION_COMMENTS = YES;
				CLANG_WARN_EMPTY_BODY = YES;
				CLANG_WARN_ENUM_CONVERSION = YES;
				CLANG_WARN_INFINITE_RECURSION = YES;
				CLANG_WARN_INT_CONVERSION = YES;
				CLANG_WARN_NON_LITERAL_NULL_CONVERSION = YES;
				CLANG_WARN_OBJC_IMPLICIT_RETAIN_SELF = YES;
				CLANG_WARN_OBJC_LITERAL_CONVERSION = YES;
				CLANG_WARN_OBJC_ROOT_CLASS = YES_ERROR;
				CLANG_WARN_QUOTED_INCLUDE_IN_FRAMEWORK_HEADER = YES;
				CLANG_WARN_RANGE_LOOP_ANALYSIS = YES;
				CLANG_WARN_STRICT_PROTOTYPES = YES;
				CLANG_WARN_SUSPICIOUS_MOVE = YES;
				CLANG_WARN_UNGUARDED_AVAILABILITY = YES_AGGRESSIVE;
				CLANG_WARN_UNREACHABLE_CODE = YES;
				CLANG_WARN__DUPLICATE_METHOD_MATCH = YES;
				COPY_PHASE_STRIP = NO;
				DEBUG_INFORMATION_FORMAT = "dwarf-with-dsym";
				ENABLE_NS_ASSERTIONS = NO;
				ENABLE_STRICT_OBJC_MSGSEND = YES;
				GCC_C_LANGUAGE_STANDARD = gnu11;
				GCC_NO_COMMON_BLOCKS = YES;
				GCC_WARN_64_TO_32_BIT_CONVERSION = YES;
				GCC_WARN_ABOUT_RETURN_TYPE = YES_ERROR;
				GCC_WARN_UNDECLARED_SELECTOR = YES;
				GCC_WARN_UNINITIALIZED_AUTOS = YES_AGGRESSIVE;
				GCC_WARN_UNUSED_FUNCTION = YES;
				GCC_WARN_UNUSED_VARIABLE = YES;
				IPHONEOS_DEPLOYMENT_TARGET = 15.4;
				MTL_ENABLE_DEBUG_INFO = NO;
				MTL_FAST_MATH = YES;
				SDKROOT = iphoneos;
				SWIFT_COMPILATION_MODE = wholemodule;
				SWIFT_OPTIMIZATION_LEVEL = "-O";
				VALIDATE_PRODUCT = YES;
			};
			name = Release;
		};
		4875DA052841B65F0073F629 /* Debug */ = {
			isa = XCBuildConfiguration;
			buildSettings = {
				ASSETCATALOG_COMPILER_APPICON_NAME = AppIcon;
				ASSETCATALOG_COMPILER_GLOBAL_ACCENT_COLOR_NAME = AccentColor;
				CODE_SIGN_STYLE = Automatic;
				CURRENT_PROJECT_VERSION = 1;
				DEVELOPMENT_ASSET_PATHS = "\"HowRU/Preview Content\"";
				DEVELOPMENT_TEAM = J968MXABR2;
				ENABLE_PREVIEWS = YES;
				GENERATE_INFOPLIST_FILE = YES;
				INFOPLIST_KEY_UIApplicationSceneManifest_Generation = YES;
				INFOPLIST_KEY_UIApplicationSupportsIndirectInputEvents = YES;
				INFOPLIST_KEY_UILaunchScreen_Generation = YES;
				INFOPLIST_KEY_UISupportedInterfaceOrientations_iPad = "UIInterfaceOrientationPortrait UIInterfaceOrientationPortraitUpsideDown UIInterfaceOrientationLandscapeLeft UIInterfaceOrientationLandscapeRight";
				INFOPLIST_KEY_UISupportedInterfaceOrientations_iPhone = "UIInterfaceOrientationPortrait UIInterfaceOrientationLandscapeLeft UIInterfaceOrientationLandscapeRight";
				LD_RUNPATH_SEARCH_PATHS = (
					"$(inherited)",
					"@executable_path/Frameworks",
				);
				MARKETING_VERSION = 1.0;
				PRODUCT_BUNDLE_IDENTIFIER = CapstoneFIU.HowRU;
				PRODUCT_NAME = "$(TARGET_NAME)";
				SWIFT_EMIT_LOC_STRINGS = YES;
				SWIFT_VERSION = 5.0;
				TARGETED_DEVICE_FAMILY = "1,2";
			};
			name = Debug;
		};
		4875DA062841B65F0073F629 /* Release */ = {
			isa = XCBuildConfiguration;
			buildSettings = {
				ASSETCATALOG_COMPILER_APPICON_NAME = AppIcon;
				ASSETCATALOG_COMPILER_GLOBAL_ACCENT_COLOR_NAME = AccentColor;
				CODE_SIGN_STYLE = Automatic;
				CURRENT_PROJECT_VERSION = 1;
				DEVELOPMENT_ASSET_PATHS = "\"HowRU/Preview Content\"";
				DEVELOPMENT_TEAM = J968MXABR2;
				ENABLE_PREVIEWS = YES;
				GENERATE_INFOPLIST_FILE = YES;
				INFOPLIST_KEY_UIApplicationSceneManifest_Generation = YES;
				INFOPLIST_KEY_UIApplicationSupportsIndirectInputEvents = YES;
				INFOPLIST_KEY_UILaunchScreen_Generation = YES;
				INFOPLIST_KEY_UISupportedInterfaceOrientations_iPad = "UIInterfaceOrientationPortrait UIInterfaceOrientationPortraitUpsideDown UIInterfaceOrientationLandscapeLeft UIInterfaceOrientationLandscapeRight";
				INFOPLIST_KEY_UISupportedInterfaceOrientations_iPhone = "UIInterfaceOrientationPortrait UIInterfaceOrientationLandscapeLeft UIInterfaceOrientationLandscapeRight";
				LD_RUNPATH_SEARCH_PATHS = (
					"$(inherited)",
					"@executable_path/Frameworks",
				);
				MARKETING_VERSION = 1.0;
				PRODUCT_BUNDLE_IDENTIFIER = CapstoneFIU.HowRU;
				PRODUCT_NAME = "$(TARGET_NAME)";
				SWIFT_EMIT_LOC_STRINGS = YES;
				SWIFT_VERSION = 5.0;
				TARGETED_DEVICE_FAMILY = "1,2";
			};
			name = Release;
		};
/* End XCBuildConfiguration section */

/* Begin XCConfigurationList section */
		4875D9F12841B65E0073F629 /* Build configuration list for PBXProject "HowRU" */ = {
			isa = XCConfigurationList;
			buildConfigurations = (
				4875DA022841B65F0073F629 /* Debug */,
				4875DA032841B65F0073F629 /* Release */,
			);
			defaultConfigurationIsVisible = 0;
			defaultConfigurationName = Release;
		};
		4875DA042841B65F0073F629 /* Build configuration list for PBXNativeTarget "HowRU" */ = {
			isa = XCConfigurationList;
			buildConfigurations = (
				4875DA052841B65F0073F629 /* Debug */,
				4875DA062841B65F0073F629 /* Release */,
			);
			defaultConfigurationIsVisible = 0;
			defaultConfigurationName = Release;
		};
/* End XCConfigurationList section */

/* Begin XCRemoteSwiftPackageReference section */
		4875DA0C2841B8450073F629 /* XCRemoteSwiftPackageReference "firebase-ios-sdk" */ = {
			isa = XCRemoteSwiftPackageReference;
			repositoryURL = "https://github.com/firebase/firebase-ios-sdk.git";
			requirement = {
				kind = upToNextMajorVersion;
				minimumVersion = 9.0.0;
			};
		};
/* End XCRemoteSwiftPackageReference section */

/* Begin XCSwiftPackageProductDependency section */
		4875DA0D2841B8450073F629 /* FirebaseAnalytics */ = {
			isa = XCSwiftPackageProductDependency;
			package = 4875DA0C2841B8450073F629 /* XCRemoteSwiftPackageReference "firebase-ios-sdk" */;
			productName = FirebaseAnalytics;
		};
		4875DA0F2841B8450073F629 /* FirebaseAnalyticsOnDeviceConversion */ = {
			isa = XCSwiftPackageProductDependency;
			package = 4875DA0C2841B8450073F629 /* XCRemoteSwiftPackageReference "firebase-ios-sdk" */;
			productName = FirebaseAnalyticsOnDeviceConversion;
		};
		4875DA112841B8450073F629 /* FirebaseAnalyticsSwift */ = {
			isa = XCSwiftPackageProductDependency;
			package = 4875DA0C2841B8450073F629 /* XCRemoteSwiftPackageReference "firebase-ios-sdk" */;
			productName = FirebaseAnalyticsSwift;
		};
		4875DA132841B8450073F629 /* FirebaseAnalyticsWithoutAdIdSupport */ = {
			isa = XCSwiftPackageProductDependency;
			package = 4875DA0C2841B8450073F629 /* XCRemoteSwiftPackageReference "firebase-ios-sdk" */;
			productName = FirebaseAnalyticsWithoutAdIdSupport;
		};
		4875DA152841B8450073F629 /* FirebaseAppCheck */ = {
			isa = XCSwiftPackageProductDependency;
			package = 4875DA0C2841B8450073F629 /* XCRemoteSwiftPackageReference "firebase-ios-sdk" */;
			productName = FirebaseAppCheck;
		};
		4875DA172841B8450073F629 /* FirebaseAppDistribution-Beta */ = {
			isa = XCSwiftPackageProductDependency;
			package = 4875DA0C2841B8450073F629 /* XCRemoteSwiftPackageReference "firebase-ios-sdk" */;
			productName = "FirebaseAppDistribution-Beta";
		};
		4875DA192841B8450073F629 /* FirebaseAuth */ = {
			isa = XCSwiftPackageProductDependency;
			package = 4875DA0C2841B8450073F629 /* XCRemoteSwiftPackageReference "firebase-ios-sdk" */;
			productName = FirebaseAuth;
		};
		4875DA1B2841B8450073F629 /* FirebaseAuthCombine-Community */ = {
			isa = XCSwiftPackageProductDependency;
			package = 4875DA0C2841B8450073F629 /* XCRemoteSwiftPackageReference "firebase-ios-sdk" */;
			productName = "FirebaseAuthCombine-Community";
		};
		4875DA1D2841B8450073F629 /* FirebaseCrashlytics */ = {
			isa = XCSwiftPackageProductDependency;
			package = 4875DA0C2841B8450073F629 /* XCRemoteSwiftPackageReference "firebase-ios-sdk" */;
			productName = FirebaseCrashlytics;
		};
		4875DA1F2841B8450073F629 /* FirebaseDatabase */ = {
			isa = XCSwiftPackageProductDependency;
			package = 4875DA0C2841B8450073F629 /* XCRemoteSwiftPackageReference "firebase-ios-sdk" */;
			productName = FirebaseDatabase;
		};
		4875DA212841B8450073F629 /* FirebaseDatabaseSwift */ = {
			isa = XCSwiftPackageProductDependency;
			package = 4875DA0C2841B8450073F629 /* XCRemoteSwiftPackageReference "firebase-ios-sdk" */;
			productName = FirebaseDatabaseSwift;
		};
		4875DA232841B8450073F629 /* FirebaseDynamicLinks */ = {
			isa = XCSwiftPackageProductDependency;
			package = 4875DA0C2841B8450073F629 /* XCRemoteSwiftPackageReference "firebase-ios-sdk" */;
			productName = FirebaseDynamicLinks;
		};
		4875DA252841B8450073F629 /* FirebaseFirestore */ = {
			isa = XCSwiftPackageProductDependency;
			package = 4875DA0C2841B8450073F629 /* XCRemoteSwiftPackageReference "firebase-ios-sdk" */;
			productName = FirebaseFirestore;
		};
		4875DA272841B8450073F629 /* FirebaseFirestoreCombine-Community */ = {
			isa = XCSwiftPackageProductDependency;
			package = 4875DA0C2841B8450073F629 /* XCRemoteSwiftPackageReference "firebase-ios-sdk" */;
			productName = "FirebaseFirestoreCombine-Community";
		};
		4875DA292841B8450073F629 /* FirebaseFirestoreSwift */ = {
			isa = XCSwiftPackageProductDependency;
			package = 4875DA0C2841B8450073F629 /* XCRemoteSwiftPackageReference "firebase-ios-sdk" */;
			productName = FirebaseFirestoreSwift;
		};
		4875DA2B2841B8450073F629 /* FirebaseFunctions */ = {
			isa = XCSwiftPackageProductDependency;
			package = 4875DA0C2841B8450073F629 /* XCRemoteSwiftPackageReference "firebase-ios-sdk" */;
			productName = FirebaseFunctions;
		};
		4875DA2D2841B8450073F629 /* FirebaseFunctionsCombine-Community */ = {
			isa = XCSwiftPackageProductDependency;
			package = 4875DA0C2841B8450073F629 /* XCRemoteSwiftPackageReference "firebase-ios-sdk" */;
			productName = "FirebaseFunctionsCombine-Community";
		};
		4875DA2F2841B8450073F629 /* FirebaseInstallations */ = {
			isa = XCSwiftPackageProductDependency;
			package = 4875DA0C2841B8450073F629 /* XCRemoteSwiftPackageReference "firebase-ios-sdk" */;
			productName = FirebaseInstallations;
		};
		4875DA312841B8450073F629 /* FirebaseRemoteConfig */ = {
			isa = XCSwiftPackageProductDependency;
			package = 4875DA0C2841B8450073F629 /* XCRemoteSwiftPackageReference "firebase-ios-sdk" */;
			productName = FirebaseRemoteConfig;
		};
		4875DA332841B8450073F629 /* FirebaseRemoteConfigSwift */ = {
			isa = XCSwiftPackageProductDependency;
			package = 4875DA0C2841B8450073F629 /* XCRemoteSwiftPackageReference "firebase-ios-sdk" */;
			productName = FirebaseRemoteConfigSwift;
		};
		4875DA352841B8450073F629 /* FirebaseStorage */ = {
			isa = XCSwiftPackageProductDependency;
			package = 4875DA0C2841B8450073F629 /* XCRemoteSwiftPackageReference "firebase-ios-sdk" */;
			productName = FirebaseStorage;
		};
		4875DA372841B8450073F629 /* FirebaseStorageCombine-Community */ = {
			isa = XCSwiftPackageProductDependency;
			package = 4875DA0C2841B8450073F629 /* XCRemoteSwiftPackageReference "firebase-ios-sdk" */;
			productName = "FirebaseStorageCombine-Community";
		};
/* End XCSwiftPackageProductDependency section */
	};
	rootObject = 4875D9EE2841B65E0073F629 /* Project object */;
}
